
Microsoft Visual Studio Solution File, Format Version 12.00
# Visual Studio Version 16
VisualStudioVersion = 16.0.29505.145
MinimumVisualStudioVersion = 10.0.40219.1
Project("{9A19103F-16F7-4668-BE54-9A1E7A4F7556}") = "PocAPI", "PocAPI.csproj", "{8B228F43-B0EC-4B03-A5D8-A1362F3DA935}"
EndProject
Global
	GlobalSection(SolutionConfigurationPlatforms) = preSolution
		Debug|Any CPU = Debug|Any CPU
		Production|Any CPU = Production|Any CPU
		Release|Any CPU = Release|Any CPU
	EndGlobalSection
	GlobalSection(ProjectConfigurationPlatforms) = postSolution
		{8B228F43-B0EC-4B03-A5D8-A1362F3DA935}.Debug|Any CPU.ActiveCfg = Debug|Any CPU
		{8B228F43-B0EC-4B03-A5D8-A1362F3DA935}.Debug|Any CPU.Build.0 = Debug|Any CPU
		{8B228F43-B0EC-4B03-A5D8-A1362F3DA935}.Production|Any CPU.ActiveCfg = Production|Any CPU
		{8B228F43-B0EC-4B03-A5D8-A1362F3DA935}.Production|Any CPU.Build.0 = Production|Any CPU
		{8B228F43-B0EC-4B03-A5D8-A1362F3DA935}.Release|Any CPU.ActiveCfg = Release|Any CPU
		{8B228F43-B0EC-4B03-A5D8-A1362F3DA935}.Release|Any CPU.Build.0 = Release|Any CPU
	EndGlobalSection
	GlobalSection(SolutionProperties) = preSolution
		HideSolutionNode = FALSE
	EndGlobalSection
	GlobalSection(ExtensibilityGlobals) = postSolution
		SolutionGuid = {A313D25B-1945-43F3-9DA2-8351DBE95E4A}
	EndGlobalSection
EndGlobal
